
Microsoft Visual Studio Solution File, Format Version 12.00
# Visual Studio 15
VisualStudioVersion = 15.0.27130.2027
MinimumVisualStudioVersion = 10.0.40219.1
Project("{FAE04EC0-301F-11D3-BF4B-00C04F79EFBC}") = "PracticeField_C-sharp", "PracticeField_C-sharp\PracticeField_C-sharp.csproj", "{C75BB514-6565-4686-ABDF-88D7431463A0}"
EndProject
Project("{FAE04EC0-301F-11D3-BF4B-00C04F79EFBC}") = "EmployeeLib", "EmployeeLib\EmployeeLib.csproj", "{75C767DB-98B6-42B7-A8E3-F4454C5A6846}"
EndProject
Global
	GlobalSection(SolutionConfigurationPlatforms) = preSolution
		Debug|Any CPU = Debug|Any CPU
		Release|Any CPU = Release|Any CPU
	EndGlobalSection
	GlobalSection(ProjectConfigurationPlatforms) = postSolution
		{C75BB514-6565-4686-ABDF-88D7431463A0}.Debug|Any CPU.ActiveCfg = Debug|Any CPU
		{C75BB514-6565-4686-ABDF-88D7431463A0}.Debug|Any CPU.Build.0 = Debug|Any CPU
		{C75BB514-6565-4686-ABDF-88D7431463A0}.Release|Any CPU.ActiveCfg = Release|Any CPU
		{C75BB514-6565-4686-ABDF-88D7431463A0}.Release|Any CPU.Build.0 = Release|Any CPU
		{75C767DB-98B6-42B7-A8E3-F4454C5A6846}.Debug|Any CPU.ActiveCfg = Debug|Any CPU
		{75C767DB-98B6-42B7-A8E3-F4454C5A6846}.Debug|Any CPU.Build.0 = Debug|Any CPU
		{75C767DB-98B6-42B7-A8E3-F4454C5A6846}.Release|Any CPU.ActiveCfg = Release|Any CPU
		{75C767DB-98B6-42B7-A8E3-F4454C5A6846}.Release|Any CPU.Build.0 = Release|Any CPU
	EndGlobalSection
	GlobalSection(SolutionProperties) = preSolution
		HideSolutionNode = FALSE
	EndGlobalSection
	GlobalSection(ExtensibilityGlobals) = postSolution
		SolutionGuid = {98C5E126-5EAC-45C5-AE33-A57E3178AD3A}
	EndGlobalSection
EndGlobal
